
Microsoft Visual Studio Solution File, Format Version 12.00
# Visual Studio 15
VisualStudioVersion = 15.0.27004.2005
MinimumVisualStudioVersion = 10.0.40219.1
Project("{8BC9CEB8-8B4A-11D0-8D11-00A0C91BC942}") = "IWannaBeAShootEmUp", "IWannaBeAShootEmUp\IWannaBeAShootEmUp.vcxproj", "{25EBB9CF-2A3E-4099-B3A5-1FB2849E9D50}"
EndProject
Global
	GlobalSection(SolutionConfigurationPlatforms) = preSolution
		Debug|x64 = Debug|x64
		Debug|x86 = Debug|x86
		Release|x64 = Release|x64
		Release|x86 = Release|x86
	EndGlobalSection
	GlobalSection(ProjectConfigurationPlatforms) = postSolution
		{25EBB9CF-2A3E-4099-B3A5-1FB2849E9D50}.Debug|x64.ActiveCfg = Debug|x64
		{25EBB9CF-2A3E-4099-B3A5-1FB2849E9D50}.Debug|x64.Build.0 = Debug|x64
		{25EBB9CF-2A3E-4099-B3A5-1FB2849E9D50}.Debug|x86.ActiveCfg = Debug|Win32
		{25EBB9CF-2A3E-4099-B3A5-1FB2849E9D50}.Debug|x86.Build.0 = Debug|Win32
		{25EBB9CF-2A3E-4099-B3A5-1FB2849E9D50}.Release|x64.ActiveCfg = Release|x64
		{25EBB9CF-2A3E-4099-B3A5-1FB2849E9D50}.Release|x64.Build.0 = Release|x64
		{25EBB9CF-2A3E-4099-B3A5-1FB2849E9D50}.Release|x86.ActiveCfg = Release|Win32
		{25EBB9CF-2A3E-4099-B3A5-1FB2849E9D50}.Release|x86.Build.0 = Release|Win32
	EndGlobalSection
	GlobalSection(SolutionProperties) = preSolution
		HideSolutionNode = FALSE
	EndGlobalSection
	GlobalSection(ExtensibilityGlobals) = postSolution
		SolutionGuid = {C6A5A8E4-763D-468F-A9FD-38A3FEE9701B}
	EndGlobalSection
EndGlobal
